
Microsoft Visual Studio Solution File, Format Version 12.00
# Visual Studio Version 16
VisualStudioVersion = 16.0.808.5
MinimumVisualStudioVersion = 10.0.40219.1
Project("{FAE04EC0-301F-11D3-BF4B-00C04F79EFBC}") = "Mine", "Mine.csproj", "{1CA06167-27ED-4581-85AF-CC61884C6DCD}"
EndProject
Global
	GlobalSection(SolutionConfigurationPlatforms) = preSolution
		Debug|Any CPU = Debug|Any CPU
		Release|Any CPU = Release|Any CPU
	EndGlobalSection
	GlobalSection(ProjectConfigurationPlatforms) = postSolution
		{1CA06167-27ED-4581-85AF-CC61884C6DCD}.Debug|Any CPU.ActiveCfg = Debug|Any CPU
		{1CA06167-27ED-4581-85AF-CC61884C6DCD}.Debug|Any CPU.Build.0 = Debug|Any CPU
		{1CA06167-27ED-4581-85AF-CC61884C6DCD}.Release|Any CPU.ActiveCfg = Release|Any CPU
		{1CA06167-27ED-4581-85AF-CC61884C6DCD}.Release|Any CPU.Build.0 = Release|Any CPU
	EndGlobalSection
	GlobalSection(SolutionProperties) = preSolution
		HideSolutionNode = FALSE
	EndGlobalSection
	GlobalSection(ExtensibilityGlobals) = postSolution
		SolutionGuid = {FD717873-7844-489E-9914-0616673476F8}
	EndGlobalSection
EndGlobal
